
Microsoft Visual Studio Solution File, Format Version 12.00
# Visual Studio Version 16
VisualStudioVersion = 16.0.30503.244
MinimumVisualStudioVersion = 10.0.40219.1
Project("{9A19103F-16F7-4668-BE54-9A1E7A4F7556}") = "SiraLocalizer", "SiraLocalizer\SiraLocalizer.csproj", "{6F5CAEB2-77B6-4047-86D6-BC0AEE308B33}"
EndProject
Global
	GlobalSection(SolutionConfigurationPlatforms) = preSolution
		Debug|Any CPU = Debug|Any CPU
		Release|Any CPU = Release|Any CPU
	EndGlobalSection
	GlobalSection(ProjectConfigurationPlatforms) = postSolution
		{6F5CAEB2-77B6-4047-86D6-BC0AEE308B33}.Debug|Any CPU.ActiveCfg = Debug|Any CPU
		{6F5CAEB2-77B6-4047-86D6-BC0AEE308B33}.Debug|Any CPU.Build.0 = Debug|Any CPU
		{6F5CAEB2-77B6-4047-86D6-BC0AEE308B33}.Release|Any CPU.ActiveCfg = Release|Any CPU
		{6F5CAEB2-77B6-4047-86D6-BC0AEE308B33}.Release|Any CPU.Build.0 = Release|Any CPU
	EndGlobalSection
	GlobalSection(SolutionProperties) = preSolution
		HideSolutionNode = FALSE
	EndGlobalSection
	GlobalSection(ExtensibilityGlobals) = postSolution
		SolutionGuid = {DC6D9086-53E6-413E-838F-21B33324A0BC}
	EndGlobalSection
EndGlobal
